PODS:
  - DZNSegmentedControl (1.2.2)
  - HysteriaPlayer (2.0.1)
  - INSPullToRefresh (1.0.11)
  - SVProgressHUD (1.1.3)
  - URBNShareKit (0.2)

DEPENDENCIES:
  - DZNSegmentedControl
  - HysteriaPlayer (~> 2.0.0)
  - INSPullToRefresh
  - SVProgressHUD
  - URBNShareKit (~> 0.2)

SPEC CHECKSUMS:
  DZNSegmentedControl: 8a7fdd743672742c692106f4456aaede10d43131
  HysteriaPlayer: 0cbc546d654132a2c65e6324efd2cdcab45755cb
  INSPullToRefresh: fe1792e49a869f90389aa7761ef2a794309fe5aa
  SVProgressHUD: 748080e4f36e603f6c02aec292664239df5279c1
  URBNShareKit: 1fd4732c6415d71199b5d44ebee5b8a0349a08a3

COCOAPODS: 0.38.2
